// !$*UTF8*$!
{
	archiveVersion = 1;
	classes = {
	};
	objectVersion = 46;
	objects = {

/* Begin PBXBuildFile section */
		903231B91F8AAED800AE78C2 /* AppDelegate.swift in Sources */ = {isa = PBXBuildFile; fileRef = 903231B81F8AAED800AE78C2 /* AppDelegate.swift */; };
		903231BB1F8AAED800AE78C2 /* ViewController.swift in Sources */ = {isa = PBXBuildFile; fileRef = 903231BA1F8AAED800AE78C2 /* ViewController.swift */; };
		903231BE1F8AAED800AE78C2 /* Main.storyboard in Resources */ = {isa = PBXBuildFile; fileRef = 903231BC1F8AAED800AE78C2 /* Main.storyboard */; };
		903231C01F8AAED800AE78C2 /* Assets.xcassets in Resources */ = {isa = PBXBuildFile; fileRef = 903231BF1F8AAED800AE78C2 /* Assets.xcassets */; };
		903231C31F8AAED800AE78C2 /* LaunchScreen.storyboard in Resources */ = {isa = PBXBuildFile; fileRef = 903231C11F8AAED800AE78C2 /* LaunchScreen.storyboard */; };
/* End PBXBuildFile section */

/* Begin PBXFileReference section */
		903231B51F8AAED800AE78C2 /* lesson1.app */ = {isa = PBXFileReference; explicitFileType = wrapper.application; includeInIndex = 0; path = lesson1.app; sourceTree = BUILT_PRODUCTS_DIR; };
		903231B81F8AAED800AE78C2 /* AppDelegate.swift */ = {isa = PBXFileReference; lastKnownFileType = sourcecode.swift; path = AppDelegate.swift; sourceTree = "<group>"; };
		903231BA1F8AAED800AE78C2 /* ViewController.swift */ = {isa = PBXFileReference; lastKnownFileType = sourcecode.swift; path = ViewController.swift; sourceTree = "<group>"; };
		903231BD1F8AAED800AE78C2 /* Base */ = {isa = PBXFileReference; lastKnownFileType = file.storyboard; name = Base; path = Base.lproj/Main.storyboard; sourceTree = "<group>"; };
		903231BF1F8AAED800AE78C2 /* Assets.xcassets */ = {isa = PBXFileReference; lastKnownFileType = folder.assetcatalog; path = Assets.xcassets; sourceTree = "<group>"; };
		903231C21F8AAED800AE78C2 /* Base */ = {isa = PBXFileReference; lastKnownFileType = file.storyboard; name = Base; path = Base.lproj/LaunchScreen.storyboard; sourceTree = "<group>"; };
		903231C41F8AAED800AE78C2 /* Info.plist */ = {isa = PBXFileReference; lastKnownFileType = text.plist.xml; path = Info.plist; sourceTree = "<group>"; };
/* End PBXFileReference section */

/* Begin PBXFrameworksBuildPhase section */
		903231B21F8AAED800AE78C2 /* Frameworks */ = {
			isa = PBXFrameworksBuildPhase;
			buildActionMask = 2147483647;
			files = (
			);
			runOnlyForDeploymentPostprocessing = 0;
		};
/* End PBXFrameworksBuildPhase section */

/* Begin PBXGroup section */
		903231AC1F8AAED800AE78C2 = {
			isa = PBXGroup;
			children = (
				903231B71F8AAED800AE78C2 /* lesson1 */,
				903231B61F8AAED800AE78C2 /* Products */,
			);
			sourceTree = "<group>";
		};
		903231B61F8AAED800AE78C2 /* Products */ = {
			isa = PBXGroup;
			children = (
				903231B51F8AAED800AE78C2 /* lesson1.app */,
			);
			name = Products;
			sourceTree = "<group>";
		};
		903231B71F8AAED800AE78C2 /* lesson1 */ = {
			isa = PBXGroup;
			children = (
				903231B81F8AAED800AE78C2 /* AppDelegate.swift */,
				903231BA1F8AAED800AE78C2 /* ViewController.swift */,
				903231BC1F8AAED800AE78C2 /* Main.storyboard */,
				903231BF1F8AAED800AE78C2 /* Assets.xcassets */,
				903231C11F8AAED800AE78C2 /* LaunchScreen.storyboard */,
				903231C41F8AAED800AE78C2 /* Info.plist */,
			);
			path = lesson1;
			sourceTree = "<group>";
		};
/* End PBXGroup section */

/* Begin PBXNativeTarget section */
		903231B41F8AAED800AE78C2 /* lesson1 */ = {
			isa = PBXNativeTarget;
			buildConfigurationList = 903231C71F8AAED800AE78C2 /* Build configuration list for PBXNativeTarget "lesson1" */;
			buildPhases = (
				903231B11F8AAED800AE78C2 /* Sources */,
				903231B21F8AAED800AE78C2 /* Frameworks */,
				903231B31F8AAED800AE78C2 /* Resources */,
			);
			buildRules = (
			);
			dependencies = (
			);
			name = lesson1;
			productName = lesson1;
			productReference = 903231B51F8AAED800AE78C2 /* lesson1.app */;
			productType = "com.apple.product-type.application";
		};
/* End PBXNativeTarget section */

/* Begin PBXProject section */
		903231AD1F8AAED800AE78C2 /* Project object */ = {
			isa = PBXProject;
			attributes = {
				LastSwiftUpdateCheck = 0830;
				LastUpgradeCheck = 0830;
				ORGANIZATIONNAME = "Emeka Osuagwu";
				TargetAttributes = {
					903231B41F8AAED800AE78C2 = {
						CreatedOnToolsVersion = 8.3.3;
						ProvisioningStyle = Automatic;
					};
				};
			};
			buildConfigurationList = 903231B01F8AAED800AE78C2 /* Build configuration list for PBXProject "lesson1" */;
			compatibilityVersion = "Xcode 3.2";
			developmentRegion = English;
			hasScannedForEncodings = 0;
			knownRegions = (
				en,
				Base,
			);
			mainGroup = 903231AC1F8AAED800AE78C2;
			productRefGroup = 903231B61F8AAED800AE78C2 /* Products */;
			projectDirPath = "";
			projectRoot = "";
			targets = (
				903231B41F8AAED800AE78C2 /* lesson1 */,
			);
		};
/* End PBXProject section */

/* Begin PBXResourcesBuildPhase section */
		903231B31F8AAED800AE78C2 /* Resources */ = {
			isa = PBXResourcesBuildPhase;
			buildActionMask = 2147483647;
			files = (
				903231C31F8AAED800AE78C2 /* LaunchScreen.storyboard in Resources */,
				903231C01F8AAED800AE78C2 /* Assets.xcassets in Resources */,
				903231BE1F8AAED800AE78C2 /* Main.storyboard in Resources */,
			);
			runOnlyForDeploymentPostprocessing = 0;
		};
/* End PBXResourcesBuildPhase section */

/* Begin PBXSourcesBuildPhase section */
		903231B11F8AAED800AE78C2 /* Sources */ = {
			isa = PBXSourcesBuildPhase;
			buildActionMask = 2147483647;
			files = (
				903231BB1F8AAED800AE78C2 /* ViewController.swift in Sources */,
				903231B91F8AAED800AE78C2 /* AppDelegate.swift in Sources */,
			);
			runOnlyForDeploymentPostprocessing = 0;
		};
/* End PBXSourcesBuildPhase section */

/* Begin PBXVariantGroup section */
		903231BC1F8AAED800AE78C2 /* Main.storyboard */ = {
			isa = PBXVariantGroup;
			children = (
				903231BD1F8AAED800AE78C2 /* Base */,
			);
			name = Main.storyboard;
			sourceTree = "<group>";
		};
		903231C11F8AAED800AE78C2 /* LaunchScreen.storyboard */ = {
			isa = PBXVariantGroup;
			children = (
				903231C21F8AAED800AE78C2 /* Base */,
			);
			name = LaunchScreen.storyboard;
			sourceTree = "<group>";
		};
/* End PBXVariantGroup section */

/* Begin XCBuildConfiguration section */
		903231C51F8AAED800AE78C2 /* Debug */ = {
			isa = XCBuildConfiguration;
			buildSettings = {
				ALWAYS_SEARCH_USER_PATHS = NO;
				CLANG_ANALYZER_NONNULL = YES;
				CLANG_ANALYZER_NUMBER_OBJECT_CONVERSION = YES_AGGRESSIVE;
				CLANG_CXX_LANGUAGE_STANDARD = "gnu++0x";
				CLANG_CXX_LIBRARY = "libc++";
				CLANG_ENABLE_MODULES = YES;
				CLANG_ENABLE_OBJC_ARC = YES;
				CLANG_WARN_BOOL_CONVERSION = YES;
				CLANG_WARN_CONSTANT_CONVERSION = YES;
				CLANG_WARN_DIRECT_OBJC_ISA_USAGE = YES_ERROR;
				CLANG_WARN_DOCUMENTATION_COMMENTS = YES;
				CLANG_WARN_EMPTY_BODY = YES;
				CLANG_WARN_ENUM_CONVERSION = YES;
				CLANG_WARN_INFINITE_RECURSION = YES;
				CLANG_WARN_INT_CONVERSION = YES;
				CLANG_WARN_OBJC_ROOT_CLASS = YES_ERROR;
				CLANG_WARN_SUSPICIOUS_MOVE = YES;
				CLANG_WARN_UNREACHABLE_CODE = YES;
				CLANG_WARN__DUPLICATE_METHOD_MATCH = YES;
				"CODE_SIGN_IDENTITY[sdk=iphoneos*]" = "iPhone Developer";
				COPY_PHASE_STRIP = NO;
				DEBUG_INFORMATION_FORMAT = dwarf;
				ENABLE_STRICT_OBJC_MSGSEND = YES;
				ENABLE_TESTABILITY = YES;
				GCC_C_LANGUAGE_STANDARD = gnu99;
				GCC_DYNAMIC_NO_PIC = NO;
				GCC_NO_COMMON_BLOCKS = YES;
				GCC_OPTIMIZATION_LEVEL = 0;
				GCC_PREPROCESSOR_DEFINITIONS = (
					"DEBUG=1",
					"$(inherited)",
				);
				GCC_WARN_64_TO_32_BIT_CONVERSION = YES;
				GCC_WARN_ABOUT_RETURN_TYPE = YES_ERROR;
				GCC_WARN_UNDECLARED_SELECTOR = YES;
				GCC_WARN_UNINITIALIZED_AUTOS = YES_AGGRESSIVE;
				GCC_WARN_UNUSED_FUNCTION = YES;
				GCC_WARN_UNUSED_VARIABLE = YES;
				IPHONEOS_DEPLOYMENT_TARGET = 10.3;
				MTL_ENABLE_DEBUG_INFO = YES;
				ONLY_ACTIVE_ARCH = YES;
				SDKROOT = iphoneos;
				SWIFT_ACTIVE_COMPILATION_CONDITIONS = DEBUG;
				SWIFT_OPTIMIZATION_LEVEL = "-Onone";
			};
			name = Debug;
		};
		903231C61F8AAED800AE78C2 /* Release */ = {
			isa = XCBuildConfiguration;
			buildSettings = {
				ALWAYS_SEARCH_USER_PATHS = NO;
				CLANG_ANALYZER_NONNULL = YES;
				CLANG_ANALYZER_NUMBER_OBJECT_CONVERSION = YES_AGGRESSIVE;
				CLANG_CXX_LANGUAGE_STANDARD = "gnu++0x";
				CLANG_CXX_LIBRARY = "libc++";
				CLANG_ENABLE_MODULES = YES;
				CLANG_ENABLE_OBJC_ARC = YES;
				CLANG_WARN_BOOL_CONVERSION = YES;
				CLANG_WARN_CONSTANT_CONVERSION = YES;
				CLANG_WARN_DIRECT_OBJC_ISA_USAGE = YES_ERROR;
				CLANG_WARN_DOCUMENTATION_COMMENTS = YES;
				CLANG_WARN_EMPTY_BODY = YES;
				CLANG_WARN_ENUM_CONVERSION = YES;
				CLANG_WARN_INFINITE_RECURSION = YES;
				CLANG_WARN_INT_CONVERSION = YES;
				CLANG_WARN_OBJC_ROOT_CLASS = YES_ERROR;
				CLANG_WARN_SUSPICIOUS_MOVE = YES;
				CLANG_WARN_UNREACHABLE_CODE = YES;
				CLANG_WARN__DUPLICATE_METHOD_MATCH = YES;
				"CODE_SIGN_IDENTITY[sdk=iphoneos*]" = "iPhone Developer";
				COPY_PHASE_STRIP = NO;
				DEBUG_INFORMATION_FORMAT = "dwarf-with-dsym";
				ENABLE_NS_ASSERTIONS = NO;
				ENABLE_STRICT_OBJC_MSGSEND = YES;
				GCC_C_LANGUAGE_STANDARD = gnu99;
				GCC_NO_COMMON_BLOCKS = YES;
				GCC_WARN_64_TO_32_BIT_CONVERSION = YES;
				GCC_WARN_ABOUT_RETURN_TYPE = YES_ERROR;
				GCC_WARN_UNDECLARED_SELECTOR = YES;
				GCC_WARN_UNINITIALIZED_AUTOS = YES_AGGRESSIVE;
				GCC_WARN_UNUSED_FUNCTION = YES;
				GCC_WARN_UNUSED_VARIABLE = YES;
				IPHONEOS_DEPLOYMENT_TARGET = 10.3;
				MTL_ENABLE_DEBUG_INFO = NO;
				SDKROOT = iphoneos;
				SWIFT_OPTIMIZATION_LEVEL = "-Owholemodule";
				VALIDATE_PRODUCT = YES;
			};
			name = Release;
		};
		903231C81F8AAED800AE78C2 /* Debug */ = {
			isa = XCBuildConfiguration;
			buildSettings = {
				ASSETCATALOG_COMPILER_APPICON_NAME = AppIcon;
				INFOPLIST_FILE = lesson1/Info.plist;
				LD_RUNPATH_SEARCH_PATHS = "$(inherited) @executable_path/Frameworks";
				PRODUCT_BUNDLE_IDENTIFIER = "carbon-tech.lesson1";
				PRODUCT_NAME = "$(TARGET_NAME)";
				SWIFT_VERSION = 3.0;
			};
			name = Debug;
		};
		903231C91F8AAED800AE78C2 /* Release */ = {
			isa = XCBuildConfiguration;
			buildSettings = {
				ASSETCATALOG_COMPILER_APPICON_NAME = AppIcon;
				INFOPLIST_FILE = lesson1/Info.plist;
				LD_RUNPATH_SEARCH_PATHS = "$(inherited) @executable_path/Frameworks";
				PRODUCT_BUNDLE_IDENTIFIER = "carbon-tech.lesson1";
				PRODUCT_NAME = "$(TARGET_NAME)";
				SWIFT_VERSION = 3.0;
			};
			name = Release;
		};
/* End XCBuildConfiguration section */

/* Begin XCConfigurationList section */
		903231B01F8AAED800AE78C2 /* Build configuration list for PBXProject "lesson1" */ = {
			isa = XCConfigurationList;
			buildConfigurations = (
				903231C51F8AAED800AE78C2 /* Debug */,
				903231C61F8AAED800AE78C2 /* Release */,
			);
			defaultConfigurationIsVisible = 0;
			defaultConfigurationName = Release;
		};
		903231C71F8AAED800AE78C2 /* Build configuration list for PBXNativeTarget "lesson1" */ = {
			isa = XCConfigurationList;
			buildConfigurations = (
				903231C81F8AAED800AE78C2 /* Debug */,
				903231C91F8AAED800AE78C2 /* Release */,
			);
			defaultConfigurationIsVisible = 0;
		};
/* End XCConfigurationList section */
	};
	rootObject = 903231AD1F8AAED800AE78C2 /* Project object */;
}
